
Microsoft Visual Studio Solution File, Format Version 12.00
# Visual Studio Version 17
VisualStudioVersion = 17.8.34330.188
MinimumVisualStudioVersion = 10.0.40219.1
Project("{2150E333-8FDC-42A3-9474-1A3956D46DE8}") = "src", "src", "{D5D12D30-8C60-4FE7-A092-297A0137BB59}"
EndProject
Project("{9A19103F-16F7-4668-BE54-9A1E7A4F7556}") = "Domain", "src\Domain\Domain.csproj", "{09A523E0-3AF6-4567-BABD-78145465C56F}"
EndProject
Project("{2150E333-8FDC-42A3-9474-1A3956D46DE8}") = "test", "test", "{373A8535-509B-4963-BD82-92783D2384B5}"
EndProject
Project("{9A19103F-16F7-4668-BE54-9A1E7A4F7556}") = "API", "src\API\API.csproj", "{24E6A4B7-DF51-49C5-84C2-D76FADF28CB9}"
EndProject
Project("{FAE04EC0-301F-11D3-BF4B-00C04F79EFBC}") = "API", "test\API\API.csproj", "{758A55EB-9652-4996-B293-ADFE56F844CC}"
EndProject
Project("{FAE04EC0-301F-11D3-BF4B-00C04F79EFBC}") = "Architecture", "test\Architecture\Architecture.csproj", "{EE6E4723-D87C-4FB5-A5F6-8F12FC1E9245}"
EndProject
Project("{FAE04EC0-301F-11D3-BF4B-00C04F79EFBC}") = "Domain", "test\Domain\Domain.csproj", "{85E6BFE6-E16D-4389-BB02-74E2973FBA27}"
EndProject
Project("{FAE04EC0-301F-11D3-BF4B-00C04F79EFBC}") = "Infrastructure", "test\Infrastructure\Infrastructure.csproj", "{93A53567-84B1-46BE-941D-C91DEABBCAE7}"
EndProject
Project("{FAE04EC0-301F-11D3-BF4B-00C04F79EFBC}") = "Presentation", "test\Presentation\Presentation.csproj", "{56D278B3-322E-44D6-87C6-C354F15396CE}"
EndProject
Project("{FAE04EC0-301F-11D3-BF4B-00C04F79EFBC}") = "Infrastructure.EF", "test\Infrastructure.EF\Infrastructure.EF.csproj", "{0DC57940-9552-40F9-8760-6A3510D286C7}"
EndProject
Global
	GlobalSection(SolutionConfigurationPlatforms) = preSolution
		Debug|Any CPU = Debug|Any CPU
		Release|Any CPU = Release|Any CPU
	EndGlobalSection
	GlobalSection(ProjectConfigurationPlatforms) = postSolution
		{09A523E0-3AF6-4567-BABD-78145465C56F}.Debug|Any CPU.ActiveCfg = Debug|Any CPU
		{09A523E0-3AF6-4567-BABD-78145465C56F}.Debug|Any CPU.Build.0 = Debug|Any CPU
		{09A523E0-3AF6-4567-BABD-78145465C56F}.Release|Any CPU.ActiveCfg = Release|Any CPU
		{09A523E0-3AF6-4567-BABD-78145465C56F}.Release|Any CPU.Build.0 = Release|Any CPU
		{24E6A4B7-DF51-49C5-84C2-D76FADF28CB9}.Debug|Any CPU.ActiveCfg = Debug|Any CPU
		{24E6A4B7-DF51-49C5-84C2-D76FADF28CB9}.Debug|Any CPU.Build.0 = Debug|Any CPU
		{24E6A4B7-DF51-49C5-84C2-D76FADF28CB9}.Release|Any CPU.ActiveCfg = Release|Any CPU
		{24E6A4B7-DF51-49C5-84C2-D76FADF28CB9}.Release|Any CPU.Build.0 = Release|Any CPU
		{758A55EB-9652-4996-B293-ADFE56F844CC}.Debug|Any CPU.ActiveCfg = Debug|Any CPU
		{758A55EB-9652-4996-B293-ADFE56F844CC}.Debug|Any CPU.Build.0 = Debug|Any CPU
		{758A55EB-9652-4996-B293-ADFE56F844CC}.Release|Any CPU.ActiveCfg = Release|Any CPU
		{758A55EB-9652-4996-B293-ADFE56F844CC}.Release|Any CPU.Build.0 = Release|Any CPU
		{EE6E4723-D87C-4FB5-A5F6-8F12FC1E9245}.Debug|Any CPU.ActiveCfg = Debug|Any CPU
		{EE6E4723-D87C-4FB5-A5F6-8F12FC1E9245}.Debug|Any CPU.Build.0 = Debug|Any CPU
		{EE6E4723-D87C-4FB5-A5F6-8F12FC1E9245}.Release|Any CPU.ActiveCfg = Release|Any CPU
		{EE6E4723-D87C-4FB5-A5F6-8F12FC1E9245}.Release|Any CPU.Build.0 = Release|Any CPU
		{85E6BFE6-E16D-4389-BB02-74E2973FBA27}.Debug|Any CPU.ActiveCfg = Debug|Any CPU
		{85E6BFE6-E16D-4389-BB02-74E2973FBA27}.Debug|Any CPU.Build.0 = Debug|Any CPU
		{85E6BFE6-E16D-4389-BB02-74E2973FBA27}.Release|Any CPU.ActiveCfg = Release|Any CPU
		{85E6BFE6-E16D-4389-BB02-74E2973FBA27}.Release|Any CPU.Build.0 = Release|Any CPU
		{93A53567-84B1-46BE-941D-C91DEABBCAE7}.Debug|Any CPU.ActiveCfg = Debug|Any CPU
		{93A53567-84B1-46BE-941D-C91DEABBCAE7}.Debug|Any CPU.Build.0 = Debug|Any CPU
		{93A53567-84B1-46BE-941D-C91DEABBCAE7}.Release|Any CPU.ActiveCfg = Release|Any CPU
		{93A53567-84B1-46BE-941D-C91DEABBCAE7}.Release|Any CPU.Build.0 = Release|Any CPU
		{56D278B3-322E-44D6-87C6-C354F15396CE}.Debug|Any CPU.ActiveCfg = Debug|Any CPU
		{56D278B3-322E-44D6-87C6-C354F15396CE}.Debug|Any CPU.Build.0 = Debug|Any CPU
		{56D278B3-322E-44D6-87C6-C354F15396CE}.Release|Any CPU.ActiveCfg = Release|Any CPU
		{56D278B3-322E-44D6-87C6-C354F15396CE}.Release|Any CPU.Build.0 = Release|Any CPU
		{0DC57940-9552-40F9-8760-6A3510D286C7}.Debug|Any CPU.ActiveCfg = Debug|Any CPU
		{0DC57940-9552-40F9-8760-6A3510D286C7}.Debug|Any CPU.Build.0 = Debug|Any CPU
		{0DC57940-9552-40F9-8760-6A3510D286C7}.Release|Any CPU.ActiveCfg = Release|Any CPU
		{0DC57940-9552-40F9-8760-6A3510D286C7}.Release|Any CPU.Build.0 = Release|Any CPU
	EndGlobalSection
	GlobalSection(SolutionProperties) = preSolution
		HideSolutionNode = FALSE
	EndGlobalSection
	GlobalSection(NestedProjects) = preSolution
		{09A523E0-3AF6-4567-BABD-78145465C56F} = {D5D12D30-8C60-4FE7-A092-297A0137BB59}
		{24E6A4B7-DF51-49C5-84C2-D76FADF28CB9} = {D5D12D30-8C60-4FE7-A092-297A0137BB59}
		{758A55EB-9652-4996-B293-ADFE56F844CC} = {373A8535-509B-4963-BD82-92783D2384B5}
		{EE6E4723-D87C-4FB5-A5F6-8F12FC1E9245} = {373A8535-509B-4963-BD82-92783D2384B5}
		{85E6BFE6-E16D-4389-BB02-74E2973FBA27} = {373A8535-509B-4963-BD82-92783D2384B5}
		{93A53567-84B1-46BE-941D-C91DEABBCAE7} = {373A8535-509B-4963-BD82-92783D2384B5}
		{56D278B3-322E-44D6-87C6-C354F15396CE} = {373A8535-509B-4963-BD82-92783D2384B5}
		{0DC57940-9552-40F9-8760-6A3510D286C7} = {373A8535-509B-4963-BD82-92783D2384B5}
	EndGlobalSection
	GlobalSection(ExtensibilityGlobals) = postSolution
		SolutionGuid = {64AB9985-A259-4E15-82DF-9F7A7E95A387}
	EndGlobalSection
EndGlobal
